
Microsoft Visual Studio Solution File, Format Version 12.00
# Visual Studio Version 17
VisualStudioVersion = 17.4.33213.308
MinimumVisualStudioVersion = 10.0.40219.1
Project("{FAE04EC0-301F-11D3-BF4B-00C04F79EFBC}") = "Projetos07", "Projetos07.csproj", "{9D5153AA-AC6A-4919-9F72-956912127429}"
EndProject
Global
	GlobalSection(SolutionConfigurationPlatforms) = preSolution
		Debug|Any CPU = Debug|Any CPU
		Release|Any CPU = Release|Any CPU
	EndGlobalSection
	GlobalSection(ProjectConfigurationPlatforms) = postSolution
		{9D5153AA-AC6A-4919-9F72-956912127429}.Debug|Any CPU.ActiveCfg = Debug|Any CPU
		{9D5153AA-AC6A-4919-9F72-956912127429}.Debug|Any CPU.Build.0 = Debug|Any CPU
		{9D5153AA-AC6A-4919-9F72-956912127429}.Release|Any CPU.ActiveCfg = Release|Any CPU
		{9D5153AA-AC6A-4919-9F72-956912127429}.Release|Any CPU.Build.0 = Release|Any CPU
	EndGlobalSection
	GlobalSection(SolutionProperties) = preSolution
		HideSolutionNode = FALSE
	EndGlobalSection
	GlobalSection(ExtensibilityGlobals) = postSolution
		SolutionGuid = {90990B57-FAEA-4978-98AC-9721F447A0C5}
	EndGlobalSection
EndGlobal
